
Microsoft Visual Studio Solution File, Format Version 11.00
# Visual C++ Express 2010
Project("{8BC9CEB8-8B4A-11D0-8D11-00A0C91BC942}") = "杨氏矩阵", "杨氏矩阵\杨氏矩阵.vcxproj", "{491CCFE5-2E19-4188-BB00-D7FA70F299A8}"
EndProject
Global
	GlobalSection(SolutionConfigurationPlatforms) = preSolution
		Debug|Win32 = Debug|Win32
		Release|Win32 = Release|Win32
	EndGlobalSection
	GlobalSection(ProjectConfigurationPlatforms) = postSolution
		{491CCFE5-2E19-4188-BB00-D7FA70F299A8}.Debug|Win32.ActiveCfg = Debug|Win32
		{491CCFE5-2E19-4188-BB00-D7FA70F299A8}.Debug|Win32.Build.0 = Debug|Win32
		{491CCFE5-2E19-4188-BB00-D7FA70F299A8}.Release|Win32.ActiveCfg = Release|Win32
		{491CCFE5-2E19-4188-BB00-D7FA70F299A8}.Release|Win32.Build.0 = Release|Win32
	EndGlobalSection
	GlobalSection(SolutionProperties) = preSolution
		HideSolutionNode = FALSE
	EndGlobalSection
EndGlobal
