
Microsoft Visual Studio Solution File, Format Version 11.00
# Visual C++ Express 2010
Project("{8BC9CEB8-8B4A-11D0-8D11-00A0C91BC942}") = "指针", "指针\指针.vcxproj", "{B3C24F96-7839-4014-B421-A695602453BB}"
EndProject
Global
	GlobalSection(SolutionConfigurationPlatforms) = preSolution
		Debug|Win32 = Debug|Win32
		Release|Win32 = Release|Win32
	EndGlobalSection
	GlobalSection(ProjectConfigurationPlatforms) = postSolution
		{B3C24F96-7839-4014-B421-A695602453BB}.Debug|Win32.ActiveCfg = Debug|Win32
		{B3C24F96-7839-4014-B421-A695602453BB}.Debug|Win32.Build.0 = Debug|Win32
		{B3C24F96-7839-4014-B421-A695602453BB}.Release|Win32.ActiveCfg = Release|Win32
		{B3C24F96-7839-4014-B421-A695602453BB}.Release|Win32.Build.0 = Release|Win32
	EndGlobalSection
	GlobalSection(SolutionProperties) = preSolution
		HideSolutionNode = FALSE
	EndGlobalSection
EndGlobal
